
Microsoft Visual Studio Solution File, Format Version 11.00
# Visual Studio 2010
Project("{8BC9CEB8-8B4A-11D0-8D11-00A0C91BC942}") = "HackSysExtremeVulnerableDriver", "HackSysExtremeVulnerableDriver.vcxproj", "{78B827DA-35DB-4E31-9891-C1D7ECF60767}"
EndProject
Global
	GlobalSection(SolutionConfigurationPlatforms) = preSolution
		Debug|Win32 = Debug|Win32
		Release|Win32 = Release|Win32
	EndGlobalSection
	GlobalSection(ProjectConfigurationPlatforms) = postSolution
		{78B827DA-35DB-4E31-9891-C1D7ECF60767}.Debug|Win32.ActiveCfg = Debug|Win32
		{78B827DA-35DB-4E31-9891-C1D7ECF60767}.Debug|Win32.Build.0 = Debug|Win32
		{78B827DA-35DB-4E31-9891-C1D7ECF60767}.Release|Win32.ActiveCfg = Release|Win32
		{78B827DA-35DB-4E31-9891-C1D7ECF60767}.Release|Win32.Build.0 = Release|Win32
	EndGlobalSection
	GlobalSection(SolutionProperties) = preSolution
		HideSolutionNode = FALSE
	EndGlobalSection
EndGlobal
