<?xml version="1.0" encoding="utf-8"?>
<Project ToolsVersion="4.0" xmlns="http://schemas.microsoft.com/developer/msbuild/2003">
  <ItemGroup>
    <Filter Include="Source files">
      <UniqueIdentifier>{5390c20e-8fc2-4695-9ebc-c46144864940}</UniqueIdentifier>
      <Extensions>cpp;c;cc;cxx;def;odl;idl;hpj;bat;asm;asmx</Extensions>
    </Filter>
    <Filter Include="Resource files">
      <UniqueIdentifier>{4fa068c4-2697-4ae2-b248-630d99cc4170}</UniqueIdentifier>
      <Extensions>rc;ico;cur;bmp;dlg;rc2;rct;bin;rgs;gif;jpg;jpeg;jpe;resx;tiff;tif;png;wav</Extensions>
    </Filter>
    <Filter Include="Header files">
      <UniqueIdentifier>{f0d8d285-f9cf-4c66-809c-4406d70a8e11}</UniqueIdentifier>
      <Extensions>h;hpp;hxx;hm;inl;inc;xsd</Extensions>
    </Filter>
  </ItemGroup>
  <ItemGroup>
    <ClCompile Include="StackOverflow.c">
      <Filter>Source files</Filter>
    </ClCompile>
    <ClCompile Include="StackOverflowGS.c">
      <Filter>Source files</Filter>
    </ClCompile>
    <ClCompile Include="ArbitraryOverwrite.c">
      <Filter>Source files</Filter>
    </ClCompile>
    <ClCompile Include="UseAfterFree.c">
      <Filter>Source files</Filter>
    </ClCompile>
    <ClCompile Include="TypeConfusion.c">
      <Filter>Source files</Filter>
    </ClCompile>
    <ClCompile Include="IntegerOverflow.c">
      <Filter>Source files</Filter>
    </ClCompile>
    <ClCompile Include="NullPointerDereference.c">
      <Filter>Source files</Filter>
    </ClCompile>
    <ClCompile Include="HackSysExtremeVulnerableDriver.c">
      <Filter>Source files</Filter>
    </ClCompile>
    <ClCompile Include="UninitializedStackVariable.c">
      <Filter>Source files</Filter>
    </ClCompile>
    <ClCompile Include="UninitializedHeapVariable.c">
      <Filter>Source files</Filter>
    </ClCompile>
    <ClCompile Include="DoubleFetch.c">
      <Filter>Source files</Filter>
    </ClCompile>
    <ClCompile Include="InsecureKernelResourceAccess.c">
      <Filter>Source files</Filter>
    </ClCompile>
    <ClCompile Include="MemoryDisclosure.c">
      <Filter>Source files</Filter>
    </ClCompile>
    <ClCompile Include="NonPagedPoolOverflow.c">
      <Filter>Source files</Filter>
    </ClCompile>
    <ClCompile Include="PagedPoolSessionOverflow.c">
      <Filter>Source files</Filter>
    </ClCompile>
    <ClCompile Include="WriteNULL.c">
      <Filter>Source files</Filter>
    </ClCompile>
  </ItemGroup>
  <ItemGroup>
    <None Include="$(ProjectDir)\sources" />
  </ItemGroup>
  <ItemGroup>
    <ClInclude Include="StackOverflow.h">
      <Filter>Header files</Filter>
    </ClInclude>
    <ClInclude Include="StackOverflowGS.h">
      <Filter>Header files</Filter>
    </ClInclude>
    <ClInclude Include="Common.h">
      <Filter>Header files</Filter>
    </ClInclude>
    <ClInclude Include="ArbitraryOverwrite.h">
      <Filter>Header files</Filter>
    </ClInclude>
    <ClInclude Include="UseAfterFree.h">
      <Filter>Header files</Filter>
    </ClInclude>
    <ClInclude Include="TypeConfusion.h">
      <Filter>Header files</Filter>
    </ClInclude>
    <ClInclude Include="IntegerOverflow.h">
      <Filter>Header files</Filter>
    </ClInclude>
    <ClInclude Include="NullPointerDereference.h">
      <Filter>Header files</Filter>
    </ClInclude>
    <ClInclude Include="HackSysExtremeVulnerableDriver.h">
      <Filter>Header files</Filter>
    </ClInclude>
    <ClInclude Include="UninitializedStackVariable.h">
      <Filter>Header files</Filter>
    </ClInclude>
    <ClInclude Include="UninitializedHeapVariable.h">
      <Filter>Header files</Filter>
    </ClInclude>
    <ClInclude Include="DoubleFetch.h">
      <Filter>Header files</Filter>
    </ClInclude>
    <ClInclude Include="InsecureKernelResourceAccess.h">
      <Filter>Header files</Filter>
    </ClInclude>
    <ClInclude Include="MemoryDisclosure.h">
      <Filter>Header files</Filter>
    </ClInclude>
    <ClInclude Include="NonPagedPoolOverflow.h">
      <Filter>Header files</Filter>
    </ClInclude>
    <ClInclude Include="PagedPoolSessionOverflow.h">
      <Filter>Header files</Filter>
    </ClInclude>
    <ClInclude Include="WriteNULL.h">
      <Filter>Header files</Filter>
    </ClInclude>
  </ItemGroup>
</Project>